
Microsoft Visual Studio Solution File, Format Version 12.00
# Visual Studio Version 17
VisualStudioVersion = 17.0.31903.59
MinimumVisualStudioVersion = 10.0.40219.1
Project("{FAE04EC0-301F-11D3-BF4B-00C04F79EFBC}") = "CryptageDigicode", "CryptageDigicode\CryptageDigicode.csproj", "{191B4542-DCFD-4CB0-8A75-2610BCAE483C}"
EndProject
Global
	GlobalSection(SolutionConfigurationPlatforms) = preSolution
		Debug|Any CPU = Debug|Any CPU
		Release|Any CPU = Release|Any CPU
	EndGlobalSection
	GlobalSection(ProjectConfigurationPlatforms) = postSolution
		{191B4542-DCFD-4CB0-8A75-2610BCAE483C}.Debug|Any CPU.ActiveCfg = Debug|Any CPU
		{191B4542-DCFD-4CB0-8A75-2610BCAE483C}.Debug|Any CPU.Build.0 = Debug|Any CPU
		{191B4542-DCFD-4CB0-8A75-2610BCAE483C}.Release|Any CPU.ActiveCfg = Release|Any CPU
		{191B4542-DCFD-4CB0-8A75-2610BCAE483C}.Release|Any CPU.Build.0 = Release|Any CPU
	EndGlobalSection
	GlobalSection(SolutionProperties) = preSolution
		HideSolutionNode = FALSE
	EndGlobalSection
	GlobalSection(ExtensibilityGlobals) = postSolution
		SolutionGuid = {E010EB4C-B8CD-4682-B800-2E08CA552848}
	EndGlobalSection
EndGlobal
